
Microsoft Visual Studio Solution File, Format Version 12.00
# Visual Studio Version 17
VisualStudioVersion = 17.2.32616.157
MinimumVisualStudioVersion = 10.0.40219.1
Project("{FAE04EC0-301F-11D3-BF4B-00C04F79EFBC}") = "CKRT_Test", "CKRT_Test\CKRT_Test.csproj", "{A7162B51-0E61-4184-AFA4-3AC431930506}"
EndProject
Global
	GlobalSection(SolutionConfigurationPlatforms) = preSolution
		Debug|Any CPU = Debug|Any CPU
		Release|Any CPU = Release|Any CPU
	EndGlobalSection
	GlobalSection(ProjectConfigurationPlatforms) = postSolution
		{A7162B51-0E61-4184-AFA4-3AC431930506}.Debug|Any CPU.ActiveCfg = Debug|Any CPU
		{A7162B51-0E61-4184-AFA4-3AC431930506}.Debug|Any CPU.Build.0 = Debug|Any CPU
		{A7162B51-0E61-4184-AFA4-3AC431930506}.Release|Any CPU.ActiveCfg = Release|Any CPU
		{A7162B51-0E61-4184-AFA4-3AC431930506}.Release|Any CPU.Build.0 = Release|Any CPU
	EndGlobalSection
	GlobalSection(SolutionProperties) = preSolution
		HideSolutionNode = FALSE
	EndGlobalSection
	GlobalSection(ExtensibilityGlobals) = postSolution
		SolutionGuid = {EC83CB38-7534-40EC-AEA2-E0E125721ED8}
	EndGlobalSection
EndGlobal
